
Microsoft Visual Studio Solution File, Format Version 12.00
# Visual Studio Version 17
VisualStudioVersion = 17.14.37216.2 d17.14
MinimumVisualStudioVersion = 10.0.40219.1
Project("{FAE04EC0-301F-11D3-BF4B-00C04F79EFBC}") = "SAE 2.01 Basic-Fit", "SAE 2.01 Basic-Fit\SAE 2.01 Basic-Fit.csproj", "{A8E44453-F9A8-43F0-877F-6EDA447AA9AD}"
EndProject
Global
	GlobalSection(SolutionConfigurationPlatforms) = preSolution
		Debug|Any CPU = Debug|Any CPU
		Release|Any CPU = Release|Any CPU
	EndGlobalSection
	GlobalSection(ProjectConfigurationPlatforms) = postSolution
		{A8E44453-F9A8-43F0-877F-6EDA447AA9AD}.Debug|Any CPU.ActiveCfg = Debug|Any CPU
		{A8E44453-F9A8-43F0-877F-6EDA447AA9AD}.Debug|Any CPU.Build.0 = Debug|Any CPU
		{A8E44453-F9A8-43F0-877F-6EDA447AA9AD}.Release|Any CPU.ActiveCfg = Release|Any CPU
		{A8E44453-F9A8-43F0-877F-6EDA447AA9AD}.Release|Any CPU.Build.0 = Release|Any CPU
	EndGlobalSection
	GlobalSection(SolutionProperties) = preSolution
		HideSolutionNode = FALSE
	EndGlobalSection
	GlobalSection(ExtensibilityGlobals) = postSolution
		SolutionGuid = {D04BF854-7B00-492E-8FDB-4CA51CA50344}
	EndGlobalSection
EndGlobal
